{
    "_readme": [
        "This file locks the dependencies of your project to a known state",
        "Read more about it at http://getcomposer.org/doc/01-basic-usage.md#composer-lock-the-lock-file",
        "This file is @generated automatically"
    ],
    "hash": "1c796ed08695260c7d94c3072f4fe6f1",
    "packages": [
        {
            "name": "container-interop/container-interop",
            "version": "1.0.0",
            "source": {
                "type": "git",
                "url": "https://github.com/container-interop/container-interop.git",
                "reference": "b4274c871bfd1ae8d8e527ba11734f4df1573e48"
            },
            "dist": {
                "type": "zip",
                "url": "https://api.github.com/repos/container-interop/container-interop/zipball/b4274c871bfd1ae8d8e527ba11734f4df1573e48",
                "reference": "b4274c871bfd1ae8d8e527ba11734f4df1573e48",
                "shasum": ""
            },
            "type": "library",
            "autoload": {
                "psr-4": {
                    "Interop\\Container\\": "src/Interop/Container/"
                }
            },
            "notification-url": "https://packagist.org/downloads/",
            "license": [
                "MIT"
            ],
            "description": "Promoting the interoperability of container objects (DIC, SL, etc.)",
            "time": "2014-03-16 14:50:05"
        },
        {
            "name": "dcp/di",
            "version": "dev-master",
            "source": {
                "type": "git",
                "url": "https://github.com/estelsmith/dcp-di.git",
                "reference": "6a7c036ada121a3cde12f7fbf2ee8e629d2b6c04"
            },
            "dist": {
                "type": "zip",
                "url": "https://api.github.com/repos/estelsmith/dcp-di/zipball/6a7c036ada121a3cde12f7fbf2ee8e629d2b6c04",
                "reference": "6a7c036ada121a3cde12f7fbf2ee8e629d2b6c04",
                "shasum": ""
            },
            "require": {
                "container-interop/container-interop": "~1.0"
            },
            "require-dev": {
                "phpunit/phpunit": "4.1.*"
            },
            "type": "library",
            "autoload": {
                "psr-0": {
                    "DCP\\Di\\": "src/"
                }
            },
            "notification-url": "https://packagist.org/downloads/",
            "license": [
                "MIT"
            ],
            "authors": [
                {
                    "name": "Estel Smith",
                    "email": "estel.smith@gmail.com"
                }
            ],
            "description": "Provides a minimalistic dependency injection container.",
            "keywords": [
                "dependency-injection"
            ],
            "time": "2014-08-05 20:40:18"
        },
        {
            "name": "dcp/validator",
            "version": "v1.0.0",
            "source": {
                "type": "git",
                "url": "https://github.com/estelsmith/dcp-validator.git",
                "reference": "d0c5802c799c2c54839d5798e5f02126945774f7"
            },
            "dist": {
                "type": "zip",
                "url": "https://api.github.com/repos/estelsmith/dcp-validator/zipball/d0c5802c799c2c54839d5798e5f02126945774f7",
                "reference": "d0c5802c799c2c54839d5798e5f02126945774f7",
                "shasum": ""
            },
            "require-dev": {
                "phpunit/phpunit": "3.7.*"
            },
            "type": "library",
            "autoload": {
                "psr-0": {
                    "DCP\\Form\\": "src/"
                }
            },
            "notification-url": "https://packagist.org/downloads/",
            "license": [
                "MIT"
            ],
            "authors": [
                {
                    "name": "Estel Smith",
                    "email": "estel.smith@gmail.com"
                }
            ],
            "description": "Provides form validation functionality.",
            "keywords": [
                "form",
                "validation"
            ],
            "time": "2013-12-23 07:18:27"
        },
        {
            "name": "league/plates",
            "version": "3.1.0",
            "source": {
                "type": "git",
                "url": "https://github.com/thephpleague/plates.git",
                "reference": "c39d8fbcbeb07a0948d5e1cf8d78c6e1ef3e81a8"
            },
            "dist": {
                "type": "zip",
                "url": "https://api.github.com/repos/thephpleague/plates/zipball/c39d8fbcbeb07a0948d5e1cf8d78c6e1ef3e81a8",
                "reference": "c39d8fbcbeb07a0948d5e1cf8d78c6e1ef3e81a8",
                "shasum": ""
            },
            "require-dev": {
                "mikey179/vfsstream": "~1.4.0",
                "phpunit/phpunit": "~4.0",
                "squizlabs/php_codesniffer": "~1.5"
            },
            "type": "library",
            "extra": {
                "branch-alias": {
                    "dev-master": "3.0-dev"
                }
            },
            "autoload": {
                "psr-4": {
                    "League\\Plates\\": "src"
                }
            },
            "notification-url": "https://packagist.org/downloads/",
            "license": [
                "MIT"
            ],
            "authors": [
                {
                    "name": "Jonathan Reinink",
                    "email": "jonathan@reinink.ca",
                    "role": "Developer"
                }
            ],
            "description": "Plates, the native PHP template system that's fast, easy to use and easy to extend.",
            "homepage": "http://platesphp.com",
            "keywords": [
                "league",
                "package",
                "templates",
                "templating",
                "views"
            ],
            "time": "2014-10-21 12:06:12"
        },
        {
            "name": "symfony/http-foundation",
            "version": "v2.6.1",
            "target-dir": "Symfony/Component/HttpFoundation",
            "source": {
                "type": "git",
                "url": "https://github.com/symfony/HttpFoundation.git",
                "reference": "0109221f3cf012bf027768ad3e4236dae1af5332"
            },
            "dist": {
                "type": "zip",
                "url": "https://api.github.com/repos/symfony/HttpFoundation/zipball/0109221f3cf012bf027768ad3e4236dae1af5332",
                "reference": "0109221f3cf012bf027768ad3e4236dae1af5332",
                "shasum": ""
            },
            "require": {
                "php": ">=5.3.3"
            },
            "require-dev": {
                "symfony/expression-language": "~2.4"
            },
            "type": "library",
            "extra": {
                "branch-alias": {
                    "dev-master": "2.6-dev"
                }
            },
            "autoload": {
                "psr-0": {
                    "Symfony\\Component\\HttpFoundation\\": ""
                },
                "classmap": [
                    "Symfony/Component/HttpFoundation/Resources/stubs"
                ]
            },
            "notification-url": "https://packagist.org/downloads/",
            "license": [
                "MIT"
            ],
            "authors": [
                {
                    "name": "Symfony Community",
                    "homepage": "http://symfony.com/contributors"
                },
                {
                    "name": "Fabien Potencier",
                    "email": "fabien@symfony.com"
                }
            ],
            "description": "Symfony HttpFoundation Component",
            "homepage": "http://symfony.com",
            "time": "2014-12-02 20:19:20"
        },
        {
            "name": "symfony/routing",
            "version": "v2.6.1",
            "target-dir": "Symfony/Component/Routing",
            "source": {
                "type": "git",
                "url": "https://github.com/symfony/Routing.git",
                "reference": "b50c10839e1639fb3a89710f9510b63cc8be54c5"
            },
            "dist": {
                "type": "zip",
                "url": "https://api.github.com/repos/symfony/Routing/zipball/b50c10839e1639fb3a89710f9510b63cc8be54c5",
                "reference": "b50c10839e1639fb3a89710f9510b63cc8be54c5",
                "shasum": ""
            },
            "require": {
                "php": ">=5.3.3"
            },
            "require-dev": {
                "doctrine/annotations": "~1.0",
                "psr/log": "~1.0",
                "symfony/config": "~2.2",
                "symfony/expression-language": "~2.4",
                "symfony/http-foundation": "~2.3",
                "symfony/yaml": "~2.0"
            },
            "suggest": {
                "doctrine/annotations": "For using the annotation loader",
                "symfony/config": "For using the all-in-one router or any loader",
                "symfony/expression-language": "For using expression matching",
                "symfony/yaml": "For using the YAML loader"
            },
            "type": "library",
            "extra": {
                "branch-alias": {
                    "dev-master": "2.6-dev"
                }
            },
            "autoload": {
                "psr-0": {
                    "Symfony\\Component\\Routing\\": ""
                }
            },
            "notification-url": "https://packagist.org/downloads/",
            "license": [
                "MIT"
            ],
            "authors": [
                {
                    "name": "Symfony Community",
                    "homepage": "http://symfony.com/contributors"
                },
                {
                    "name": "Fabien Potencier",
                    "email": "fabien@symfony.com"
                }
            ],
            "description": "Symfony Routing Component",
            "homepage": "http://symfony.com",
            "keywords": [
                "router",
                "routing",
                "uri",
                "url"
            ],
            "time": "2014-12-02 20:19:20"
        }
    ],
    "packages-dev": [],
    "aliases": [],
    "minimum-stability": "stable",
    "stability-flags": {
        "dcp/di": 20
    },
    "prefer-stable": false,
    "platform": [],
    "platform-dev": []
}
